
Microsoft Visual Studio Solution File, Format Version 12.00
# Visual Studio Version 17
VisualStudioVersion = 17.7.34031.279
MinimumVisualStudioVersion = 10.0.40219.1
Project("{FAE04EC0-301F-11D3-BF4B-00C04F79EFBC}") = "HelloWorld", "HelloWorld.csproj", "{0F686363-1C35-465E-B12A-C38AB0CBDA7D}"
EndProject
Global
	GlobalSection(SolutionConfigurationPlatforms) = preSolution
		Debug|Any CPU = Debug|Any CPU
		Release|Any CPU = Release|Any CPU
	EndGlobalSection
	GlobalSection(ProjectConfigurationPlatforms) = postSolution
		{0F686363-1C35-465E-B12A-C38AB0CBDA7D}.Debug|Any CPU.ActiveCfg = Debug|Any CPU
		{0F686363-1C35-465E-B12A-C38AB0CBDA7D}.Debug|Any CPU.Build.0 = Debug|Any CPU
		{0F686363-1C35-465E-B12A-C38AB0CBDA7D}.Release|Any CPU.ActiveCfg = Release|Any CPU
		{0F686363-1C35-465E-B12A-C38AB0CBDA7D}.Release|Any CPU.Build.0 = Release|Any CPU
	EndGlobalSection
	GlobalSection(SolutionProperties) = preSolution
		HideSolutionNode = FALSE
	EndGlobalSection
	GlobalSection(ExtensibilityGlobals) = postSolution
		SolutionGuid = {C67AC583-0F1D-484C-B779-07CE43A46D25}
	EndGlobalSection
EndGlobal
